{
  "version": 4,
  "terraform_version": "1.6.4",
  "serial": 12,
  "lineage": "65b12560-6942-8ad8-42c5-b3db6ab12aa5",
  "outputs": {
    "backend_public_ip": {
      "value": "54.201.47.215",
      "type": "string"
    },
    "frontend_public_ip": {
      "value": "52.35.31.125",
      "type": "string"
    }
  },
  "resources": [
    {
      "mode": "managed",
      "type": "aws_instance",
      "name": "server",
      "provider": "provider[\"registry.terraform.io/hashicorp/aws\"]",
      "instances": [
        {
          "schema_version": 1,
          "attributes": {
            "ami": "ami-0c0d141edc4f470cc",
            "arn": "arn:aws:ec2:us-west-2:685699948540:instance/i-0104bb003ead8e395",
            "associate_public_ip_address": true,
            "availability_zone": "us-west-2a",
            "capacity_reservation_specification": [
              {
                "capacity_reservation_preference": "open",
                "capacity_reservation_target": []
              }
            ],
            "cpu_core_count": 1,
            "cpu_options": [
              {
                "amd_sev_snp": "",
                "core_count": 1,
                "threads_per_core": 1
              }
            ],
            "cpu_threads_per_core": 1,
            "credit_specification": [
              {
                "cpu_credits": "standard"
              }
            ],
            "disable_api_stop": false,
            "disable_api_termination": false,
            "ebs_block_device": [],
            "ebs_optimized": false,
            "enclave_options": [
              {
                "enabled": false
              }
            ],
            "ephemeral_block_device": [],
            "get_password_data": false,
            "hibernation": false,
            "host_id": "",
            "host_resource_group_arn": null,
            "iam_instance_profile": "",
            "id": "i-0104bb003ead8e395",
            "instance_initiated_shutdown_behavior": "stop",
            "instance_lifecycle": "",
            "instance_market_options": [],
            "instance_state": "running",
            "instance_type": "t2.micro",
            "ipv6_address_count": 0,
            "ipv6_addresses": [],
            "key_name": "123",
            "launch_template": [],
            "maintenance_options": [
              {
                "auto_recovery": "default"
              }
            ],
            "metadata_options": [
              {
                "http_endpoint": "enabled",
                "http_protocol_ipv6": "disabled",
                "http_put_response_hop_limit": 1,
                "http_tokens": "optional",
                "instance_metadata_tags": "disabled"
              }
            ],
            "monitoring": false,
            "network_interface": [],
            "outpost_arn": "",
            "password_data": "",
            "placement_group": "",
            "placement_partition_number": 0,
            "primary_network_interface_id": "eni-0460e0604b7c91208",
            "private_dns": "ip-172-31-16-205.us-west-2.compute.internal",
            "private_dns_name_options": [
              {
                "enable_resource_name_dns_a_record": false,
                "enable_resource_name_dns_aaaa_record": false,
                "hostname_type": "ip-name"
              }
            ],
            "private_ip": "172.31.16.205",
            "public_dns": "ec2-52-35-31-125.us-west-2.compute.amazonaws.com",
            "public_ip": "52.35.31.125",
            "root_block_device": [
              {
                "delete_on_termination": true,
                "device_name": "/dev/xvda",
                "encrypted": false,
                "iops": 100,
                "kms_key_id": "",
                "tags": {},
                "throughput": 0,
                "volume_id": "vol-018fbe5b041bde7e3",
                "volume_size": 8,
                "volume_type": "gp2"
              }
            ],
            "secondary_private_ips": [],
            "security_groups": [
              "default"
            ],
            "source_dest_check": true,
            "spot_instance_request_id": "",
            "subnet_id": "subnet-0fea7ed440060e1b2",
            "tags": {
              "Name": "C8.local"
            },
            "tags_all": {
              "Name": "C8.local"
            },
            "tenancy": "default",
            "timeouts": null,
            "user_data": "453fa438f05e4f35ae2e8a16884baa38f15f7677",
            "user_data_base64": null,
            "user_data_replace_on_change": false,
            "volume_tags": null,
            "vpc_security_group_ids": [
              "sg-06c453c8545747bd2"
            ]
          },
          "sensitive_attributes": [],
          "private": "eyJlMmJmYjczMC1lY2FhLTExZTYtOGY4OC0zNDM2M2JjN2M0YzAiOnsiY3JlYXRlIjo2MDAwMDAwMDAwMDAsImRlbGV0ZSI6MTIwMDAwMDAwMDAwMCwidXBkYXRlIjo2MDAwMDAwMDAwMDB9LCJzY2hlbWFfdmVyc2lvbiI6IjEifQ=="
        }
      ]
    },
    {
      "mode": "managed",
      "type": "aws_instance",
      "name": "server-backend",
      "provider": "provider[\"registry.terraform.io/hashicorp/aws\"]",
      "instances": [
        {
          "schema_version": 1,
          "attributes": {
            "ami": "ami-08e2c1a8d17c2fe17",
            "arn": "arn:aws:ec2:us-west-2:685699948540:instance/i-07aa66a693b054356",
            "associate_public_ip_address": true,
            "availability_zone": "us-west-2a",
            "capacity_reservation_specification": [
              {
                "capacity_reservation_preference": "open",
                "capacity_reservation_target": []
              }
            ],
            "cpu_core_count": 1,
            "cpu_options": [
              {
                "amd_sev_snp": "",
                "core_count": 1,
                "threads_per_core": 1
              }
            ],
            "cpu_threads_per_core": 1,
            "credit_specification": [
              {
                "cpu_credits": "standard"
              }
            ],
            "disable_api_stop": false,
            "disable_api_termination": false,
            "ebs_block_device": [],
            "ebs_optimized": false,
            "enclave_options": [
              {
                "enabled": false
              }
            ],
            "ephemeral_block_device": [],
            "get_password_data": false,
            "hibernation": false,
            "host_id": "",
            "host_resource_group_arn": null,
            "iam_instance_profile": "",
            "id": "i-07aa66a693b054356",
            "instance_initiated_shutdown_behavior": "stop",
            "instance_lifecycle": "",
            "instance_market_options": [],
            "instance_state": "running",
            "instance_type": "t2.micro",
            "ipv6_address_count": 0,
            "ipv6_addresses": [],
            "key_name": "123",
            "launch_template": [],
            "maintenance_options": [
              {
                "auto_recovery": "default"
              }
            ],
            "metadata_options": [
              {
                "http_endpoint": "enabled",
                "http_protocol_ipv6": "disabled",
                "http_put_response_hop_limit": 1,
                "http_tokens": "optional",
                "instance_metadata_tags": "disabled"
              }
            ],
            "monitoring": false,
            "network_interface": [],
            "outpost_arn": "",
            "password_data": "",
            "placement_group": "",
            "placement_partition_number": 0,
            "primary_network_interface_id": "eni-01ccedef29d78f276",
            "private_dns": "ip-172-31-27-231.us-west-2.compute.internal",
            "private_dns_name_options": [
              {
                "enable_resource_name_dns_a_record": false,
                "enable_resource_name_dns_aaaa_record": false,
                "hostname_type": "ip-name"
              }
            ],
            "private_ip": "172.31.27.231",
            "public_dns": "ec2-54-201-47-215.us-west-2.compute.amazonaws.com",
            "public_ip": "54.201.47.215",
            "root_block_device": [
              {
                "delete_on_termination": true,
                "device_name": "/dev/sda1",
                "encrypted": false,
                "iops": 100,
                "kms_key_id": "",
                "tags": {},
                "throughput": 0,
                "volume_id": "vol-039aaed190791a095",
                "volume_size": 8,
                "volume_type": "gp2"
              }
            ],
            "secondary_private_ips": [],
            "security_groups": [
              "default"
            ],
            "source_dest_check": true,
            "spot_instance_request_id": "",
            "subnet_id": "subnet-0fea7ed440060e1b2",
            "tags": {
              "Name": "U21.local"
            },
            "tags_all": {
              "Name": "U21.local"
            },
            "tenancy": "default",
            "timeouts": null,
            "user_data": "67b934b70f9ebc4c510e173af90d135ddacfc712",
            "user_data_base64": null,
            "user_data_replace_on_change": false,
            "volume_tags": null,
            "vpc_security_group_ids": [
              "sg-06c453c8545747bd2"
            ]
          },
          "sensitive_attributes": [],
          "private": "eyJlMmJmYjczMC1lY2FhLTExZTYtOGY4OC0zNDM2M2JjN2M0YzAiOnsiY3JlYXRlIjo2MDAwMDAwMDAwMDAsImRlbGV0ZSI6MTIwMDAwMDAwMDAwMCwidXBkYXRlIjo2MDAwMDAwMDAwMDB9LCJzY2hlbWFfdmVyc2lvbiI6IjEifQ=="
        }
      ]
    },
    {
      "mode": "managed",
      "type": "local_file",
      "name": "inventory",
      "provider": "provider[\"registry.terraform.io/hashicorp/local\"]",
      "instances": [
        {
          "schema_version": 0,
          "attributes": {
            "content": "[frontend]\r\n52.35.31.125\r\n[backend]\r\n54.201.47.215\r\n",
            "content_base64": null,
            "content_base64sha256": "F1EPR8HuWILfe9hyOxKxMIbUnk1XtvZACSFcO8rTbhI=",
            "content_base64sha512": "LBDqSr8Tx5vH1/ceL3TfnOgD2qLYF/qVPZGuMqiZv195AGpr1wz6z4vJ639knawdE+VCwSLdR0kra6+PKLi/hA==",
            "content_md5": "07fdf5bebc7abc9f7858cb4671d40875",
            "content_sha1": "e57548cf408dacf6634e752584a55a2287e27749",
            "content_sha256": "17510f47c1ee5882df7bd8723b12b13086d49e4d57b6f64009215c3bcad36e12",
            "content_sha512": "2c10ea4abf13c79bc7d7f71e2f74df9ce803daa2d817fa953d91ae32a899bf5f79006a6bd70cfacf8bc9eb7f649dac1d13e542c122dd47492b6baf8f28b8bf84",
            "directory_permission": "0777",
            "file_permission": "0777",
            "filename": "./inventory.yaml",
            "id": "e57548cf408dacf6634e752584a55a2287e27749",
            "sensitive_content": null,
            "source": null
          },
          "sensitive_attributes": [],
          "dependencies": [
            "aws_instance.server",
            "aws_instance.server-backend"
          ]
        }
      ]
    },
    {
      "mode": "managed",
      "type": "local_file",
      "name": "linux_playbook",
      "provider": "provider[\"registry.terraform.io/hashicorp/local\"]",
      "instances": [
        {
          "schema_version": 0,
          "attributes": {
            "content": "          ---\r\n- name: Configure Linux Servers\r\n  hosts: c8.local\r\n  become: true\r\n  tasks:\r\n    - name: Disable SELinux\r\n      selinux:\r\n        state: disabled\r\n    - name: Stop and Disable firewalld\r\n      systemd:\r\n        name: firewalld\r\n        state: stopped\r\n        enabled: no\r\n- name: Configure Frontend (Nginx)\r\n  hosts: frontend\r\n  become: true\r\n  tasks:\r\n    - name: Install Nginx\r\n      package:\r\n        name: nginx\r\n        state: present\r\n    - name: Configure Nginx as a Reverse Proxy\r\n      template:\r\n        src: nginx.conf.j2\r\n        dest: /etc/nginx/nginx.conf\r\n      notify:\r\n        - Restart Nginx\r\n  handlers:\r\n    - name: Restart Nginx\r\n      systemd:\r\n        name: nginx\r\n        state: restarted\r\n",
            "content_base64": null,
            "content_base64sha256": "aXdc0tHf4bp+bfws3JNa1McmUeZHPuDS94khgdfJVRI=",
            "content_base64sha512": "utpZ+JyEr6Fw8YOoHz0V5STndah16gA8m7WUIbTkVK1OxUeJ9nIW50kLiXFpnndAO8qShtcPlKcvTMJg/5fSvA==",
            "content_md5": "3c46bded1b363bb46f9903ea8ec1804a",
            "content_sha1": "36b5fd636867a8c99dd4f3ac091f2edc31e4b870",
            "content_sha256": "69775cd2d1dfe1ba7e6dfc2cdc935ad4c72651e6473ee0d2f7892181d7c95512",
            "content_sha512": "bada59f89c84afa170f183a81f3d15e524e775a875ea003c9bb59421b4e454ad4ec54789f67216e7490b8971699e77403bca9286d70f94a72f4cc260ff97d2bc",
            "directory_permission": "0777",
            "file_permission": "0777",
            "filename": "./linux_playbook.yaml",
            "id": "36b5fd636867a8c99dd4f3ac091f2edc31e4b870",
            "sensitive_content": null,
            "source": null
          },
          "sensitive_attributes": []
        }
      ]
    }
  ],
  "check_results": null
}
